
Microsoft Visual Studio Solution File, Format Version 12.00
# Visual Studio Version 16
VisualStudioVersion = 16.0.31911.196
MinimumVisualStudioVersion = 10.0.40219.1
Project("{9A19103F-16F7-4668-BE54-9A1E7A4F7556}") = "MT.OnlineRestaurant.SearchManagement", "MT.OnlineRestaurant.SearchManagement\MT.OnlineRestaurant.SearchManagement.csproj", "{F34E06F3-E79F-49F3-BD04-0B0C4AF02A62}"
EndProject
Project("{9A19103F-16F7-4668-BE54-9A1E7A4F7556}") = "MT.OnlineRestaurant.BusinessEntities", "MT.OnlineRestaurant.BusinessEntities\MT.OnlineRestaurant.BusinessEntities.csproj", "{31764504-8D0E-4DD4-868B-93FA74C8B1D8}"
EndProject
Project("{9A19103F-16F7-4668-BE54-9A1E7A4F7556}") = "MT.OnlineRestaurant.BusinessLayer", "MT.OnlineRestaurant.BusinessLayer\MT.OnlineRestaurant.BusinessLayer.csproj", "{232D67D4-8DE2-4BCE-8FC5-B4F45747D78C}"
EndProject
Project("{9A19103F-16F7-4668-BE54-9A1E7A4F7556}") = "MT.OnlineRestaurant.DataLayer", "MT.OnlineRestaurant.DataLayer\MT.OnlineRestaurant.DataLayer.csproj", "{A9355498-82DC-48E2-A4A7-80C840F1D7B7}"
EndProject
Project("{9A19103F-16F7-4668-BE54-9A1E7A4F7556}") = "MT.OnlineRestaurant.UT", "MT.OnlineRestaurant.UT\MT.OnlineRestaurant.UT.csproj", "{EB82C1B3-CECC-4983-8B2F-B14B8CB37EE2}"
EndProject
Global
	GlobalSection(SolutionConfigurationPlatforms) = preSolution
		Debug|Any CPU = Debug|Any CPU
		Release|Any CPU = Release|Any CPU
	EndGlobalSection
	GlobalSection(ProjectConfigurationPlatforms) = postSolution
		{F34E06F3-E79F-49F3-BD04-0B0C4AF02A62}.Debug|Any CPU.ActiveCfg = Debug|Any CPU
		{F34E06F3-E79F-49F3-BD04-0B0C4AF02A62}.Debug|Any CPU.Build.0 = Debug|Any CPU
		{F34E06F3-E79F-49F3-BD04-0B0C4AF02A62}.Release|Any CPU.ActiveCfg = Release|Any CPU
		{F34E06F3-E79F-49F3-BD04-0B0C4AF02A62}.Release|Any CPU.Build.0 = Release|Any CPU
		{31764504-8D0E-4DD4-868B-93FA74C8B1D8}.Debug|Any CPU.ActiveCfg = Debug|Any CPU
		{31764504-8D0E-4DD4-868B-93FA74C8B1D8}.Debug|Any CPU.Build.0 = Debug|Any CPU
		{31764504-8D0E-4DD4-868B-93FA74C8B1D8}.Release|Any CPU.ActiveCfg = Release|Any CPU
		{31764504-8D0E-4DD4-868B-93FA74C8B1D8}.Release|Any CPU.Build.0 = Release|Any CPU
		{232D67D4-8DE2-4BCE-8FC5-B4F45747D78C}.Debug|Any CPU.ActiveCfg = Debug|Any CPU
		{232D67D4-8DE2-4BCE-8FC5-B4F45747D78C}.Debug|Any CPU.Build.0 = Debug|Any CPU
		{232D67D4-8DE2-4BCE-8FC5-B4F45747D78C}.Release|Any CPU.ActiveCfg = Release|Any CPU
		{232D67D4-8DE2-4BCE-8FC5-B4F45747D78C}.Release|Any CPU.Build.0 = Release|Any CPU
		{A9355498-82DC-48E2-A4A7-80C840F1D7B7}.Debug|Any CPU.ActiveCfg = Debug|Any CPU
		{A9355498-82DC-48E2-A4A7-80C840F1D7B7}.Debug|Any CPU.Build.0 = Debug|Any CPU
		{A9355498-82DC-48E2-A4A7-80C840F1D7B7}.Release|Any CPU.ActiveCfg = Release|Any CPU
		{A9355498-82DC-48E2-A4A7-80C840F1D7B7}.Release|Any CPU.Build.0 = Release|Any CPU
		{EB82C1B3-CECC-4983-8B2F-B14B8CB37EE2}.Debug|Any CPU.ActiveCfg = Debug|Any CPU
		{EB82C1B3-CECC-4983-8B2F-B14B8CB37EE2}.Debug|Any CPU.Build.0 = Debug|Any CPU
		{EB82C1B3-CECC-4983-8B2F-B14B8CB37EE2}.Release|Any CPU.ActiveCfg = Release|Any CPU
		{EB82C1B3-CECC-4983-8B2F-B14B8CB37EE2}.Release|Any CPU.Build.0 = Release|Any CPU
	EndGlobalSection
	GlobalSection(SolutionProperties) = preSolution
		HideSolutionNode = FALSE
	EndGlobalSection
	GlobalSection(ExtensibilityGlobals) = postSolution
		SolutionGuid = {A75C76A8-74DE-494E-B42E-EAF907FF15E0}
	EndGlobalSection
EndGlobal
